{"1.1.0",
[{<<"certifi">>,{pkg,<<"certifi">>,<<"2.4.2">>},1},
 {<<"goldrush">>,{pkg,<<"goldrush">>,<<"0.1.9">>},1},
 {<<"hackney">>,
  {git,"git://github.com/benoitc/hackney.git",
       {ref,"a3a01695c6b6ef0f75c2b2d65ecb652e4768094d"}},
  0},
 {<<"idna">>,{pkg,<<"idna">>,<<"1.2.0">>},0},
 {<<"jiffy">>,
  {git,"git://github.com/davisp/jiffy.git",
       {ref,"06aaf440e091c9fd5f8aea557ac760a33bd37130"}},
  0},
 {<<"jsx">>,{pkg,<<"jsx">>,<<"2.8.0">>},0},
 {<<"lager">>,
  {git,"git://github.com/erlang-lager/lager.git",
       {ref,"6cc6b125ad55835748cd847f03314698ae439aea"}},
  0},
 {<<"metrics">>,{pkg,<<"metrics">>,<<"1.0.1">>},1},
 {<<"mimerl">>,{pkg,<<"mimerl">>,<<"1.0.2">>},1},
 {<<"parse_trans">>,{pkg,<<"parse_trans">>,<<"3.3.0">>},2},
 {<<"quickrand">>,
  {git,"https://github.com/okeuday/quickrand.git",
       {ref,"f6e5228fc1d0f7c679ce3dc5aeca63ec8335875a"}},
  1},
 {<<"recon">>,
  {git,"git://github.com/ferd/recon.git",
       {ref,"08b5e9d71de76115d2ac98b19ee5ff8b356d11a2"}},
  0},
 {<<"ssl_verify_fun">>,{pkg,<<"ssl_verify_fun">>,<<"1.1.4">>},1},
 {<<"uuid">>,
  {git,"git://github.com/okeuday/uuid.git",
       {ref,"e64cd99266b8beba7c30e78ee3ab3a061e99cdbf"}},
  0}]}.
[
{pkg_hash,[
 {<<"certifi">>, <<"75424FF0F3BAACCFD34B1214184B6EF616D89E420B258BB0A5EA7D7BC628F7F0">>},
 {<<"goldrush">>, <<"F06E5D5F1277DA5C413E84D5A2924174182FB108DABB39D5EC548B27424CD106">>},
 {<<"idna">>, <<"AC62EE99DA068F43C50DC69ACF700E03A62A348360126260E87F2B54ECED86B2">>},
 {<<"jsx">>, <<"749BEC6D205C694AE1786D62CEA6CC45A390437E24835FD16D12D74F07097727">>},
 {<<"metrics">>, <<"25F094DEA2CDA98213CECC3AEFF09E940299D950904393B2A29D191C346A8486">>},
 {<<"mimerl">>, <<"993F9B0E084083405ED8252B99460C4F0563E41729AB42D9074FD5E52439BE88">>},
 {<<"parse_trans">>, <<"09765507A3C7590A784615CFD421D101AEC25098D50B89D7AA1D66646BC571C1">>},
 {<<"ssl_verify_fun">>, <<"F0EAFFF810D2041E93F915EF59899C923F4568F4585904D010387ED74988E77B">>}]}
].
